// !$*UTF8*$!
{
	archiveVersion = 1;
	classes = {
	};
	objectVersion = 50;
	objects = {

/* Begin PBXBuildFile section */
		EA0CDC1125F4B19800D65B26 /* HistoricViewController.swift in Sources */ = {isa = PBXBuildFile; fileRef = EA0CDC1025F4B19800D65B26 /* HistoricViewController.swift */; };
		EA1C2DDD2606ED6000AF6680 /* Main.storyboard in Resources */ = {isa = PBXBuildFile; fileRef = EA1C2DDC2606ED6000AF6680 /* Main.storyboard */; };
		EA2C01362606E8EF00253E8F /* LandingPageViewController.swift in Sources */ = {isa = PBXBuildFile; fileRef = EA2C01352606E8EF00253E8F /* LandingPageViewController.swift */; };
		EA5A67FE25F6258300DD7DF9 /* HistoricJSON.swift in Sources */ = {isa = PBXBuildFile; fileRef = EA5A67FD25F6258300DD7DF9 /* HistoricJSON.swift */; };
		EA77DF0B25E94449001FE2B0 /* HomeMonitorJSON.swift in Sources */ = {isa = PBXBuildFile; fileRef = EA77DF0A25E94449001FE2B0 /* HomeMonitorJSON.swift */; };
		EAD9B33825E65E780018D95B /* AppDelegate.swift in Sources */ = {isa = PBXBuildFile; fileRef = EAD9B33725E65E780018D95B /* AppDelegate.swift */; };
		EAD9B33A25E65E780018D95B /* SceneDelegate.swift in Sources */ = {isa = PBXBuildFile; fileRef = EAD9B33925E65E780018D95B /* SceneDelegate.swift */; };
		EAD9B33C25E65E780018D95B /* ViewController.swift in Sources */ = {isa = PBXBuildFile; fileRef = EAD9B33B25E65E780018D95B /* ViewController.swift */; };
		EAD9B34125E65E7A0018D95B /* Assets.xcassets in Resources */ = {isa = PBXBuildFile; fileRef = EAD9B34025E65E7A0018D95B /* Assets.xcassets */; };
		EAD9B34425E65E7A0018D95B /* LaunchScreen.storyboard in Resources */ = {isa = PBXBuildFile; fileRef = EAD9B34225E65E7A0018D95B /* LaunchScreen.storyboard */; };
		EAFEFE1225FB71D40021256F /* HistoricRowsViewController.swift in Sources */ = {isa = PBXBuildFile; fileRef = EAFEFE1125FB71D40021256F /* HistoricRowsViewController.swift */; };
		EAFEFE1525FB73640021256F /* HistoricTableViewCell.swift in Sources */ = {isa = PBXBuildFile; fileRef = EAFEFE1425FB73640021256F /* HistoricTableViewCell.swift */; };
		EAFEFE1825FB75BD0021256F /* HistoricRowContent.swift in Sources */ = {isa = PBXBuildFile; fileRef = EAFEFE1725FB75BD0021256F /* HistoricRowContent.swift */; };
/* End PBXBuildFile section */

/* Begin PBXFileReference section */
		EA0CDC1025F4B19800D65B26 /* HistoricViewController.swift */ = {isa = PBXFileReference; lastKnownFileType = sourcecode.swift; path = HistoricViewController.swift; sourceTree = "<group>"; };
		EA1C2DDC2606ED6000AF6680 /* Main.storyboard */ = {isa = PBXFileReference; fileEncoding = 4; lastKnownFileType = file.storyboard; path = Main.storyboard; sourceTree = "<group>"; };
		EA2C01352606E8EF00253E8F /* LandingPageViewController.swift */ = {isa = PBXFileReference; lastKnownFileType = sourcecode.swift; path = LandingPageViewController.swift; sourceTree = "<group>"; };
		EA5A67FD25F6258300DD7DF9 /* HistoricJSON.swift */ = {isa = PBXFileReference; lastKnownFileType = sourcecode.swift; path = HistoricJSON.swift; sourceTree = "<group>"; };
		EA77DF0A25E94449001FE2B0 /* HomeMonitorJSON.swift */ = {isa = PBXFileReference; lastKnownFileType = sourcecode.swift; path = HomeMonitorJSON.swift; sourceTree = "<group>"; };
		EAD9B33425E65E780018D95B /* room.app */ = {isa = PBXFileReference; explicitFileType = wrapper.application; includeInIndex = 0; path = room.app; sourceTree = BUILT_PRODUCTS_DIR; };
		EAD9B33725E65E780018D95B /* AppDelegate.swift */ = {isa = PBXFileReference; lastKnownFileType = sourcecode.swift; path = AppDelegate.swift; sourceTree = "<group>"; };
		EAD9B33925E65E780018D95B /* SceneDelegate.swift */ = {isa = PBXFileReference; lastKnownFileType = sourcecode.swift; path = SceneDelegate.swift; sourceTree = "<group>"; };
		EAD9B33B25E65E780018D95B /* ViewController.swift */ = {isa = PBXFileReference; lastKnownFileType = sourcecode.swift; path = ViewController.swift; sourceTree = "<group>"; };
		EAD9B34025E65E7A0018D95B /* Assets.xcassets */ = {isa = PBXFileReference; lastKnownFileType = folder.assetcatalog; path = Assets.xcassets; sourceTree = "<group>"; };
		EAD9B34325E65E7A0018D95B /* Base */ = {isa = PBXFileReference; lastKnownFileType = file.storyboard; name = Base; path = Base.lproj/LaunchScreen.storyboard; sourceTree = "<group>"; };
		EAD9B34525E65E7A0018D95B /* Info.plist */ = {isa = PBXFileReference; lastKnownFileType = text.plist.xml; path = Info.plist; sourceTree = "<group>"; };
		EAFEFE1125FB71D40021256F /* HistoricRowsViewController.swift */ = {isa = PBXFileReference; lastKnownFileType = sourcecode.swift; path = HistoricRowsViewController.swift; sourceTree = "<group>"; };
		EAFEFE1425FB73640021256F /* HistoricTableViewCell.swift */ = {isa = PBXFileReference; lastKnownFileType = sourcecode.swift; path = HistoricTableViewCell.swift; sourceTree = "<group>"; };
		EAFEFE1725FB75BD0021256F /* HistoricRowContent.swift */ = {isa = PBXFileReference; lastKnownFileType = sourcecode.swift; path = HistoricRowContent.swift; sourceTree = "<group>"; };
/* End PBXFileReference section */

/* Begin PBXFrameworksBuildPhase section */
		EAD9B33125E65E770018D95B /* Frameworks */ = {
			isa = PBXFrameworksBuildPhase;
			buildActionMask = 2147483647;
			files = (
			);
			runOnlyForDeploymentPostprocessing = 0;
		};
/* End PBXFrameworksBuildPhase section */

/* Begin PBXGroup section */
		EAD9B32B25E65E770018D95B = {
			isa = PBXGroup;
			children = (
				EAD9B33625E65E780018D95B /* room */,
				EAD9B33525E65E780018D95B /* Products */,
			);
			sourceTree = "<group>";
		};
		EAD9B33525E65E780018D95B /* Products */ = {
			isa = PBXGroup;
			children = (
				EAD9B33425E65E780018D95B /* room.app */,
			);
			name = Products;
			sourceTree = "<group>";
		};
		EAD9B33625E65E780018D95B /* room */ = {
			isa = PBXGroup;
			children = (
				EA1C2DDC2606ED6000AF6680 /* Main.storyboard */,
				EAD9B33725E65E780018D95B /* AppDelegate.swift */,
				EAD9B33925E65E780018D95B /* SceneDelegate.swift */,
				EAD9B33B25E65E780018D95B /* ViewController.swift */,
				EA0CDC1025F4B19800D65B26 /* HistoricViewController.swift */,
				EA2C01352606E8EF00253E8F /* LandingPageViewController.swift */,
				EAFEFE1725FB75BD0021256F /* HistoricRowContent.swift */,
				EAFEFE1425FB73640021256F /* HistoricTableViewCell.swift */,
				EAFEFE1125FB71D40021256F /* HistoricRowsViewController.swift */,
				EAD9B34025E65E7A0018D95B /* Assets.xcassets */,
				EAD9B34225E65E7A0018D95B /* LaunchScreen.storyboard */,
				EAD9B34525E65E7A0018D95B /* Info.plist */,
				EA77DF0A25E94449001FE2B0 /* HomeMonitorJSON.swift */,
				EA5A67FD25F6258300DD7DF9 /* HistoricJSON.swift */,
			);
			path = room;
			sourceTree = "<group>";
		};
/* End PBXGroup section */

/* Begin PBXNativeTarget section */
		EAD9B33325E65E770018D95B /* room */ = {
			isa = PBXNativeTarget;
			buildConfigurationList = EAD9B34825E65E7A0018D95B /* Build configuration list for PBXNativeTarget "room" */;
			buildPhases = (
				EAD9B33025E65E770018D95B /* Sources */,
				EAD9B33125E65E770018D95B /* Frameworks */,
				EAD9B33225E65E770018D95B /* Resources */,
			);
			buildRules = (
			);
			dependencies = (
			);
			name = room;
			productName = room;
			productReference = EAD9B33425E65E780018D95B /* room.app */;
			productType = "com.apple.product-type.application";
		};
/* End PBXNativeTarget section */

/* Begin PBXProject section */
		EAD9B32C25E65E770018D95B /* Project object */ = {
			isa = PBXProject;
			attributes = {
				LastSwiftUpdateCheck = 1240;
				LastUpgradeCheck = 1240;
				TargetAttributes = {
					EAD9B33325E65E770018D95B = {
						CreatedOnToolsVersion = 12.4;
					};
				};
			};
			buildConfigurationList = EAD9B32F25E65E770018D95B /* Build configuration list for PBXProject "room" */;
			compatibilityVersion = "Xcode 9.3";
			developmentRegion = en;
			hasScannedForEncodings = 0;
			knownRegions = (
				en,
				Base,
			);
			mainGroup = EAD9B32B25E65E770018D95B;
			productRefGroup = EAD9B33525E65E780018D95B /* Products */;
			projectDirPath = "";
			projectRoot = "";
			targets = (
				EAD9B33325E65E770018D95B /* room */,
			);
		};
/* End PBXProject section */

/* Begin PBXResourcesBuildPhase section */
		EAD9B33225E65E770018D95B /* Resources */ = {
			isa = PBXResourcesBuildPhase;
			buildActionMask = 2147483647;
			files = (
				EA1C2DDD2606ED6000AF6680 /* Main.storyboard in Resources */,
				EAD9B34425E65E7A0018D95B /* LaunchScreen.storyboard in Resources */,
				EAD9B34125E65E7A0018D95B /* Assets.xcassets in Resources */,
			);
			runOnlyForDeploymentPostprocessing = 0;
		};
/* End PBXResourcesBuildPhase section */

/* Begin PBXSourcesBuildPhase section */
		EAD9B33025E65E770018D95B /* Sources */ = {
			isa = PBXSourcesBuildPhase;
			buildActionMask = 2147483647;
			files = (
				EAFEFE1225FB71D40021256F /* HistoricRowsViewController.swift in Sources */,
				EAD9B33C25E65E780018D95B /* ViewController.swift in Sources */,
				EAD9B33825E65E780018D95B /* AppDelegate.swift in Sources */,
				EA0CDC1125F4B19800D65B26 /* HistoricViewController.swift in Sources */,
				EAFEFE1825FB75BD0021256F /* HistoricRowContent.swift in Sources */,
				EA2C01362606E8EF00253E8F /* LandingPageViewController.swift in Sources */,
				EAD9B33A25E65E780018D95B /* SceneDelegate.swift in Sources */,
				EA5A67FE25F6258300DD7DF9 /* HistoricJSON.swift in Sources */,
				EAFEFE1525FB73640021256F /* HistoricTableViewCell.swift in Sources */,
				EA77DF0B25E94449001FE2B0 /* HomeMonitorJSON.swift in Sources */,
			);
			runOnlyForDeploymentPostprocessing = 0;
		};
/* End PBXSourcesBuildPhase section */

/* Begin PBXVariantGroup section */
		EAD9B34225E65E7A0018D95B /* LaunchScreen.storyboard */ = {
			isa = PBXVariantGroup;
			children = (
				EAD9B34325E65E7A0018D95B /* Base */,
			);
			name = LaunchScreen.storyboard;
			sourceTree = "<group>";
		};
/* End PBXVariantGroup section */

/* Begin XCBuildConfiguration section */
		EAD9B34625E65E7A0018D95B /* Debug */ = {
			isa = XCBuildConfiguration;
			buildSettings = {
				ALWAYS_SEARCH_USER_PATHS = NO;
				CLANG_ANALYZER_NONNULL = YES;
				CLANG_ANALYZER_NUMBER_OBJECT_CONVERSION = YES_AGGRESSIVE;
				CLANG_CXX_LANGUAGE_STANDARD = "gnu++14";
				CLANG_CXX_LIBRARY = "libc++";
				CLANG_ENABLE_MODULES = YES;
				CLANG_ENABLE_OBJC_ARC = YES;
				CLANG_ENABLE_OBJC_WEAK = YES;
				CLANG_WARN_BLOCK_CAPTURE_AUTORELEASING = YES;
				CLANG_WARN_BOOL_CONVERSION = YES;
				CLANG_WARN_COMMA = YES;
				CLANG_WARN_CONSTANT_CONVERSION = YES;
				CLANG_WARN_DEPRECATED_OBJC_IMPLEMENTATIONS = YES;
				CLANG_WARN_DIRECT_OBJC_ISA_USAGE = YES_ERROR;
				CLANG_WARN_DOCUMENTATION_COMMENTS = YES;
				CLANG_WARN_EMPTY_BODY = YES;
				CLANG_WARN_ENUM_CONVERSION = YES;
				CLANG_WARN_INFINITE_RECURSION = YES;
				CLANG_WARN_INT_CONVERSION = YES;
				CLANG_WARN_NON_LITERAL_NULL_CONVERSION = YES;
				CLANG_WARN_OBJC_IMPLICIT_RETAIN_SELF = YES;
				CLANG_WARN_OBJC_LITERAL_CONVERSION = YES;
				CLANG_WARN_OBJC_ROOT_CLASS = YES_ERROR;
				CLANG_WARN_QUOTED_INCLUDE_IN_FRAMEWORK_HEADER = YES;
				CLANG_WARN_RANGE_LOOP_ANALYSIS = YES;
				CLANG_WARN_STRICT_PROTOTYPES = YES;
				CLANG_WARN_SUSPICIOUS_MOVE = YES;
				CLANG_WARN_UNGUARDED_AVAILABILITY = YES_AGGRESSIVE;
				CLANG_WARN_UNREACHABLE_CODE = YES;
				CLANG_WARN__DUPLICATE_METHOD_MATCH = YES;
				COPY_PHASE_STRIP = NO;
				DEBUG_INFORMATION_FORMAT = dwarf;
				ENABLE_STRICT_OBJC_MSGSEND = YES;
				ENABLE_TESTABILITY = YES;
				GCC_C_LANGUAGE_STANDARD = gnu11;
				GCC_DYNAMIC_NO_PIC = NO;
				GCC_NO_COMMON_BLOCKS = YES;
				GCC_OPTIMIZATION_LEVEL = 0;
				GCC_PREPROCESSOR_DEFINITIONS = (
					"DEBUG=1",
					"$(inherited)",
				);
				GCC_WARN_64_TO_32_BIT_CONVERSION = YES;
				GCC_WARN_ABOUT_RETURN_TYPE = YES_ERROR;
				GCC_WARN_UNDECLARED_SELECTOR = YES;
				GCC_WARN_UNINITIALIZED_AUTOS = YES_AGGRESSIVE;
				GCC_WARN_UNUSED_FUNCTION = YES;
				GCC_WARN_UNUSED_VARIABLE = YES;
				IPHONEOS_DEPLOYMENT_TARGET = 14.4;
				MTL_ENABLE_DEBUG_INFO = INCLUDE_SOURCE;
				MTL_FAST_MATH = YES;
				ONLY_ACTIVE_ARCH = YES;
				SDKROOT = iphoneos;
				SWIFT_ACTIVE_COMPILATION_CONDITIONS = DEBUG;
				SWIFT_OPTIMIZATION_LEVEL = "-Onone";
			};
			name = Debug;
		};
		EAD9B34725E65E7A0018D95B /* Release */ = {
			isa = XCBuildConfiguration;
			buildSettings = {
				ALWAYS_SEARCH_USER_PATHS = NO;
				CLANG_ANALYZER_NONNULL = YES;
				CLANG_ANALYZER_NUMBER_OBJECT_CONVERSION = YES_AGGRESSIVE;
				CLANG_CXX_LANGUAGE_STANDARD = "gnu++14";
				CLANG_CXX_LIBRARY = "libc++";
				CLANG_ENABLE_MODULES = YES;
				CLANG_ENABLE_OBJC_ARC = YES;
				CLANG_ENABLE_OBJC_WEAK = YES;
				CLANG_WARN_BLOCK_CAPTURE_AUTORELEASING = YES;
				CLANG_WARN_BOOL_CONVERSION = YES;
				CLANG_WARN_COMMA = YES;
				CLANG_WARN_CONSTANT_CONVERSION = YES;
				CLANG_WARN_DEPRECATED_OBJC_IMPLEMENTATIONS = YES;
				CLANG_WARN_DIRECT_OBJC_ISA_USAGE = YES_ERROR;
				CLANG_WARN_DOCUMENTATION_COMMENTS = YES;
				CLANG_WARN_EMPTY_BODY = YES;
				CLANG_WARN_ENUM_CONVERSION = YES;
				CLANG_WARN_INFINITE_RECURSION = YES;
				CLANG_WARN_INT_CONVERSION = YES;
				CLANG_WARN_NON_LITERAL_NULL_CONVERSION = YES;
				CLANG_WARN_OBJC_IMPLICIT_RETAIN_SELF = YES;
				CLANG_WARN_OBJC_LITERAL_CONVERSION = YES;
				CLANG_WARN_OBJC_ROOT_CLASS = YES_ERROR;
				CLANG_WARN_QUOTED_INCLUDE_IN_FRAMEWORK_HEADER = YES;
				CLANG_WARN_RANGE_LOOP_ANALYSIS = YES;
				CLANG_WARN_STRICT_PROTOTYPES = YES;
				CLANG_WARN_SUSPICIOUS_MOVE = YES;
				CLANG_WARN_UNGUARDED_AVAILABILITY = YES_AGGRESSIVE;
				CLANG_WARN_UNREACHABLE_CODE = YES;
				CLANG_WARN__DUPLICATE_METHOD_MATCH = YES;
				COPY_PHASE_STRIP = NO;
				DEBUG_INFORMATION_FORMAT = "dwarf-with-dsym";
				ENABLE_NS_ASSERTIONS = NO;
				ENABLE_STRICT_OBJC_MSGSEND = YES;
				GCC_C_LANGUAGE_STANDARD = gnu11;
				GCC_NO_COMMON_BLOCKS = YES;
				GCC_WARN_64_TO_32_BIT_CONVERSION = YES;
				GCC_WARN_ABOUT_RETURN_TYPE = YES_ERROR;
				GCC_WARN_UNDECLARED_SELECTOR = YES;
				GCC_WARN_UNINITIALIZED_AUTOS = YES_AGGRESSIVE;
				GCC_WARN_UNUSED_FUNCTION = YES;
				GCC_WARN_UNUSED_VARIABLE = YES;
				IPHONEOS_DEPLOYMENT_TARGET = 14.4;
				MTL_ENABLE_DEBUG_INFO = NO;
				MTL_FAST_MATH = YES;
				SDKROOT = iphoneos;
				SWIFT_COMPILATION_MODE = wholemodule;
				SWIFT_OPTIMIZATION_LEVEL = "-O";
				VALIDATE_PRODUCT = YES;
			};
			name = Release;
		};
		EAD9B34925E65E7A0018D95B /* Debug */ = {
			isa = XCBuildConfiguration;
			buildSettings = {
				ASSETCATALOG_COMPILER_APPICON_NAME = AppIcon;
				ASSETCATALOG_COMPILER_GLOBAL_ACCENT_COLOR_NAME = AccentColor;
				CODE_SIGN_STYLE = Automatic;
				DEVELOPMENT_TEAM = Z75579D66X;
				INFOPLIST_FILE = room/Info.plist;
				LD_RUNPATH_SEARCH_PATHS = (
					"$(inherited)",
					"@executable_path/Frameworks",
				);
				PRODUCT_BUNDLE_IDENTIFIER = "Vamsi-Home.room";
				PRODUCT_NAME = "$(TARGET_NAME)";
				SWIFT_VERSION = 5.0;
				TARGETED_DEVICE_FAMILY = 1;
			};
			name = Debug;
		};
		EAD9B34A25E65E7A0018D95B /* Release */ = {
			isa = XCBuildConfiguration;
			buildSettings = {
				ASSETCATALOG_COMPILER_APPICON_NAME = AppIcon;
				ASSETCATALOG_COMPILER_GLOBAL_ACCENT_COLOR_NAME = AccentColor;
				CODE_SIGN_STYLE = Automatic;
				DEVELOPMENT_TEAM = Z75579D66X;
				INFOPLIST_FILE = room/Info.plist;
				LD_RUNPATH_SEARCH_PATHS = (
					"$(inherited)",
					"@executable_path/Frameworks",
				);
				PRODUCT_BUNDLE_IDENTIFIER = "Vamsi-Home.room";
				PRODUCT_NAME = "$(TARGET_NAME)";
				SWIFT_VERSION = 5.0;
				TARGETED_DEVICE_FAMILY = 1;
			};
			name = Release;
		};
/* End XCBuildConfiguration section */

/* Begin XCConfigurationList section */
		EAD9B32F25E65E770018D95B /* Build configuration list for PBXProject "room" */ = {
			isa = XCConfigurationList;
			buildConfigurations = (
				EAD9B34625E65E7A0018D95B /* Debug */,
				EAD9B34725E65E7A0018D95B /* Release */,
			);
			defaultConfigurationIsVisible = 0;
			defaultConfigurationName = Release;
		};
		EAD9B34825E65E7A0018D95B /* Build configuration list for PBXNativeTarget "room" */ = {
			isa = XCConfigurationList;
			buildConfigurations = (
				EAD9B34925E65E7A0018D95B /* Debug */,
				EAD9B34A25E65E7A0018D95B /* Release */,
			);
			defaultConfigurationIsVisible = 0;
			defaultConfigurationName = Release;
		};
/* End XCConfigurationList section */
	};
	rootObject = EAD9B32C25E65E770018D95B /* Project object */;
}
